// !$*UTF8*$!
{
	archiveVersion = 1;
	classes = {
	};
	objectVersion = 46;
	objects = {

/* Begin PBXBuildFile section */
		842FE4B21974391700B9CD83 /* main.m in Sources */ = {isa = PBXBuildFile; fileRef = 842FE4B11974391700B9CD83 /* main.m */; };
		842FE4B51974391700B9CD83 /* AppDelegate.m in Sources */ = {isa = PBXBuildFile; fileRef = 842FE4B41974391700B9CD83 /* AppDelegate.m */; };
		842FE4B81974391700B9CD83 /* ViewController.m in Sources */ = {isa = PBXBuildFile; fileRef = 842FE4B71974391700B9CD83 /* ViewController.m */; };
		842FE4BB1974391700B9CD83 /* Main.storyboard in Resources */ = {isa = PBXBuildFile; fileRef = 842FE4B91974391700B9CD83 /* Main.storyboard */; };
		842FE4BD1974391700B9CD83 /* Images.xcassets in Resources */ = {isa = PBXBuildFile; fileRef = 842FE4BC1974391700B9CD83 /* Images.xcassets */; };
		842FE4C91974391700B9CD83 /* FeaturesIOS8Tests.m in Sources */ = {isa = PBXBuildFile; fileRef = 842FE4C81974391700B9CD83 /* FeaturesIOS8Tests.m */; };
/* End PBXBuildFile section */

/* Begin PBXContainerItemProxy section */
		842FE4C31974391700B9CD83 /* PBXContainerItemProxy */ = {
			isa = PBXContainerItemProxy;
			containerPortal = 842FE4A41974391700B9CD83 /* Project object */;
			proxyType = 1;
			remoteGlobalIDString = 842FE4AB1974391700B9CD83;
			remoteInfo = FeaturesIOS8;
		};
/* End PBXContainerItemProxy section */

/* Begin PBXFileReference section */
		842FE4AC1974391700B9CD83 /* FeaturesIOS8.app */ = {isa = PBXFileReference; explicitFileType = wrapper.application; includeInIndex = 0; path = FeaturesIOS8.app; sourceTree = BUILT_PRODUCTS_DIR; };
		842FE4B01974391700B9CD83 /* Info.plist */ = {isa = PBXFileReference; lastKnownFileType = text.plist.xml; path = Info.plist; sourceTree = "<group>"; };
		842FE4B11974391700B9CD83 /* main.m */ = {isa = PBXFileReference; lastKnownFileType = sourcecode.c.objc; path = main.m; sourceTree = "<group>"; };
		842FE4B31974391700B9CD83 /* AppDelegate.h */ = {isa = PBXFileReference; lastKnownFileType = sourcecode.c.h; path = AppDelegate.h; sourceTree = "<group>"; };
		842FE4B41974391700B9CD83 /* AppDelegate.m */ = {isa = PBXFileReference; lastKnownFileType = sourcecode.c.objc; path = AppDelegate.m; sourceTree = "<group>"; };
		842FE4B61974391700B9CD83 /* ViewController.h */ = {isa = PBXFileReference; lastKnownFileType = sourcecode.c.h; path = ViewController.h; sourceTree = "<group>"; };
		842FE4B71974391700B9CD83 /* ViewController.m */ = {isa = PBXFileReference; lastKnownFileType = sourcecode.c.objc; path = ViewController.m; sourceTree = "<group>"; };
		842FE4BA1974391700B9CD83 /* Base */ = {isa = PBXFileReference; lastKnownFileType = file.storyboard; name = Base; path = Base.lproj/Main.storyboard; sourceTree = "<group>"; };
		842FE4BC1974391700B9CD83 /* Images.xcassets */ = {isa = PBXFileReference; lastKnownFileType = folder.assetcatalog; path = Images.xcassets; sourceTree = "<group>"; };
		842FE4C21974391700B9CD83 /* FeaturesIOS8Tests.xctest */ = {isa = PBXFileReference; explicitFileType = wrapper.cfbundle; includeInIndex = 0; path = FeaturesIOS8Tests.xctest; sourceTree = BUILT_PRODUCTS_DIR; };
		842FE4C71974391700B9CD83 /* Info.plist */ = {isa = PBXFileReference; lastKnownFileType = text.plist.xml; path = Info.plist; sourceTree = "<group>"; };
		842FE4C81974391700B9CD83 /* FeaturesIOS8Tests.m */ = {isa = PBXFileReference; lastKnownFileType = sourcecode.c.objc; path = FeaturesIOS8Tests.m; sourceTree = "<group>"; };
/* End PBXFileReference section */

/* Begin PBXFrameworksBuildPhase section */
		842FE4A91974391700B9CD83 /* Frameworks */ = {
			isa = PBXFrameworksBuildPhase;
			buildActionMask = 2147483647;
			files = (
			);
			runOnlyForDeploymentPostprocessing = 0;
		};
		842FE4BF1974391700B9CD83 /* Frameworks */ = {
			isa = PBXFrameworksBuildPhase;
			buildActionMask = 2147483647;
			files = (
			);
			runOnlyForDeploymentPostprocessing = 0;
		};
/* End PBXFrameworksBuildPhase section */

/* Begin PBXGroup section */
		842FE4A31974391700B9CD83 = {
			isa = PBXGroup;
			children = (
				842FE4AE1974391700B9CD83 /* FeaturesIOS8 */,
				842FE4C51974391700B9CD83 /* FeaturesIOS8Tests */,
				842FE4AD1974391700B9CD83 /* Products */,
			);
			sourceTree = "<group>";
		};
		842FE4AD1974391700B9CD83 /* Products */ = {
			isa = PBXGroup;
			children = (
				842FE4AC1974391700B9CD83 /* FeaturesIOS8.app */,
				842FE4C21974391700B9CD83 /* FeaturesIOS8Tests.xctest */,
			);
			name = Products;
			sourceTree = "<group>";
		};
		842FE4AE1974391700B9CD83 /* FeaturesIOS8 */ = {
			isa = PBXGroup;
			children = (
				842FE4B31974391700B9CD83 /* AppDelegate.h */,
				842FE4B41974391700B9CD83 /* AppDelegate.m */,
				842FE4B61974391700B9CD83 /* ViewController.h */,
				842FE4B71974391700B9CD83 /* ViewController.m */,
				842FE4B91974391700B9CD83 /* Main.storyboard */,
				842FE4BC1974391700B9CD83 /* Images.xcassets */,
				842FE4AF1974391700B9CD83 /* Supporting Files */,
			);
			path = FeaturesIOS8;
			sourceTree = "<group>";
		};
		842FE4AF1974391700B9CD83 /* Supporting Files */ = {
			isa = PBXGroup;
			children = (
				842FE4B01974391700B9CD83 /* Info.plist */,
				842FE4B11974391700B9CD83 /* main.m */,
			);
			name = "Supporting Files";
			sourceTree = "<group>";
		};
		842FE4C51974391700B9CD83 /* FeaturesIOS8Tests */ = {
			isa = PBXGroup;
			children = (
				842FE4C81974391700B9CD83 /* FeaturesIOS8Tests.m */,
				842FE4C61974391700B9CD83 /* Supporting Files */,
			);
			path = FeaturesIOS8Tests;
			sourceTree = "<group>";
		};
		842FE4C61974391700B9CD83 /* Supporting Files */ = {
			isa = PBXGroup;
			children = (
				842FE4C71974391700B9CD83 /* Info.plist */,
			);
			name = "Supporting Files";
			sourceTree = "<group>";
		};
/* End PBXGroup section */

/* Begin PBXNativeTarget section */
		842FE4AB1974391700B9CD83 /* FeaturesIOS8 */ = {
			isa = PBXNativeTarget;
			buildConfigurationList = 842FE4CC1974391700B9CD83 /* Build configuration list for PBXNativeTarget "FeaturesIOS8" */;
			buildPhases = (
				842FE4A81974391700B9CD83 /* Sources */,
				842FE4A91974391700B9CD83 /* Frameworks */,
				842FE4AA1974391700B9CD83 /* Resources */,
			);
			buildRules = (
			);
			dependencies = (
			);
			name = FeaturesIOS8;
			productName = FeaturesIOS8;
			productReference = 842FE4AC1974391700B9CD83 /* FeaturesIOS8.app */;
			productType = "com.apple.product-type.application";
		};
		842FE4C11974391700B9CD83 /* FeaturesIOS8Tests */ = {
			isa = PBXNativeTarget;
			buildConfigurationList = 842FE4CF1974391700B9CD83 /* Build configuration list for PBXNativeTarget "FeaturesIOS8Tests" */;
			buildPhases = (
				842FE4BE1974391700B9CD83 /* Sources */,
				842FE4BF1974391700B9CD83 /* Frameworks */,
				842FE4C01974391700B9CD83 /* Resources */,
			);
			buildRules = (
			);
			dependencies = (
				842FE4C41974391700B9CD83 /* PBXTargetDependency */,
			);
			name = FeaturesIOS8Tests;
			productName = FeaturesIOS8Tests;
			productReference = 842FE4C21974391700B9CD83 /* FeaturesIOS8Tests.xctest */;
			productType = "com.apple.product-type.bundle.unit-test";
		};
/* End PBXNativeTarget section */

/* Begin PBXProject section */
		842FE4A41974391700B9CD83 /* Project object */ = {
			isa = PBXProject;
			attributes = {
				LastUpgradeCheck = 0600;
				ORGANIZATIONNAME = vitaliy.pavlyuk;
				TargetAttributes = {
					842FE4AB1974391700B9CD83 = {
						CreatedOnToolsVersion = 6.0;
					};
					842FE4C11974391700B9CD83 = {
						CreatedOnToolsVersion = 6.0;
						TestTargetID = 842FE4AB1974391700B9CD83;
					};
				};
			};
			buildConfigurationList = 842FE4A71974391700B9CD83 /* Build configuration list for PBXProject "FeaturesIOS8" */;
			compatibilityVersion = "Xcode 3.2";
			developmentRegion = English;
			hasScannedForEncodings = 0;
			knownRegions = (
				en,
				Base,
			);
			mainGroup = 842FE4A31974391700B9CD83;
			productRefGroup = 842FE4AD1974391700B9CD83 /* Products */;
			projectDirPath = "";
			projectRoot = "";
			targets = (
				842FE4AB1974391700B9CD83 /* FeaturesIOS8 */,
				842FE4C11974391700B9CD83 /* FeaturesIOS8Tests */,
			);
		};
/* End PBXProject section */

/* Begin PBXResourcesBuildPhase section */
		842FE4AA1974391700B9CD83 /* Resources */ = {
			isa = PBXResourcesBuildPhase;
			buildActionMask = 2147483647;
			files = (
				842FE4BB1974391700B9CD83 /* Main.storyboard in Resources */,
				842FE4BD1974391700B9CD83 /* Images.xcassets in Resources */,
			);
			runOnlyForDeploymentPostprocessing = 0;
		};
		842FE4C01974391700B9CD83 /* Resources */ = {
			isa = PBXResourcesBuildPhase;
			buildActionMask = 2147483647;
			files = (
			);
			runOnlyForDeploymentPostprocessing = 0;
		};
/* End PBXResourcesBuildPhase section */

/* Begin PBXSourcesBuildPhase section */
		842FE4A81974391700B9CD83 /* Sources */ = {
			isa = PBXSourcesBuildPhase;
			buildActionMask = 2147483647;
			files = (
				842FE4B81974391700B9CD83 /* ViewController.m in Sources */,
				842FE4B51974391700B9CD83 /* AppDelegate.m in Sources */,
				842FE4B21974391700B9CD83 /* main.m in Sources */,
			);
			runOnlyForDeploymentPostprocessing = 0;
		};
		842FE4BE1974391700B9CD83 /* Sources */ = {
			isa = PBXSourcesBuildPhase;
			buildActionMask = 2147483647;
			files = (
				842FE4C91974391700B9CD83 /* FeaturesIOS8Tests.m in Sources */,
			);
			runOnlyForDeploymentPostprocessing = 0;
		};
/* End PBXSourcesBuildPhase section */

/* Begin PBXTargetDependency section */
		842FE4C41974391700B9CD83 /* PBXTargetDependency */ = {
			isa = PBXTargetDependency;
			target = 842FE4AB1974391700B9CD83 /* FeaturesIOS8 */;
			targetProxy = 842FE4C31974391700B9CD83 /* PBXContainerItemProxy */;
		};
/* End PBXTargetDependency section */

/* Begin PBXVariantGroup section */
		842FE4B91974391700B9CD83 /* Main.storyboard */ = {
			isa = PBXVariantGroup;
			children = (
				842FE4BA1974391700B9CD83 /* Base */,
			);
			name = Main.storyboard;
			sourceTree = "<group>";
		};
/* End PBXVariantGroup section */

/* Begin XCBuildConfiguration section */
		842FE4CA1974391700B9CD83 /* Debug */ = {
			isa = XCBuildConfiguration;
			buildSettings = {
				ALWAYS_SEARCH_USER_PATHS = NO;
				CLANG_CXX_LANGUAGE_STANDARD = "gnu++0x";
				CLANG_CXX_LIBRARY = "libc++";
				CLANG_ENABLE_MODULES = YES;
				CLANG_ENABLE_OBJC_ARC = YES;
				CLANG_WARN_BOOL_CONVERSION = YES;
				CLANG_WARN_CONSTANT_CONVERSION = YES;
				CLANG_WARN_DIRECT_OBJC_ISA_USAGE = YES_ERROR;
				CLANG_WARN_EMPTY_BODY = YES;
				CLANG_WARN_ENUM_CONVERSION = YES;
				CLANG_WARN_INT_CONVERSION = YES;
				CLANG_WARN_OBJC_ROOT_CLASS = YES_ERROR;
				CLANG_WARN_UNREACHABLE_CODE = YES;
				CLANG_WARN__DUPLICATE_METHOD_MATCH = YES;
				"CODE_SIGN_IDENTITY[sdk=iphoneos*]" = "iPhone Developer";
				COPY_PHASE_STRIP = NO;
				ENABLE_STRICT_OBJC_MSGSEND = YES;
				GCC_C_LANGUAGE_STANDARD = gnu99;
				GCC_DYNAMIC_NO_PIC = NO;
				GCC_OPTIMIZATION_LEVEL = 0;
				GCC_PREPROCESSOR_DEFINITIONS = (
					"DEBUG=1",
					"$(inherited)",
				);
				GCC_SYMBOLS_PRIVATE_EXTERN = NO;
				GCC_WARN_64_TO_32_BIT_CONVERSION = YES;
				GCC_WARN_ABOUT_RETURN_TYPE = YES_ERROR;
				GCC_WARN_UNDECLARED_SELECTOR = YES;
				GCC_WARN_UNINITIALIZED_AUTOS = YES_AGGRESSIVE;
				GCC_WARN_UNUSED_FUNCTION = YES;
				GCC_WARN_UNUSED_VARIABLE = YES;
				IPHONEOS_DEPLOYMENT_TARGET = 8.0;
				MTL_ENABLE_DEBUG_INFO = YES;
				ONLY_ACTIVE_ARCH = YES;
				SDKROOT = iphoneos;
				TARGETED_DEVICE_FAMILY = "1,2";
			};
			name = Debug;
		};
		842FE4CB1974391700B9CD83 /* Release */ = {
			isa = XCBuildConfiguration;
			buildSettings = {
				ALWAYS_SEARCH_USER_PATHS = NO;
				CLANG_CXX_LANGUAGE_STANDARD = "gnu++0x";
				CLANG_CXX_LIBRARY = "libc++";
				CLANG_ENABLE_MODULES = YES;
				CLANG_ENABLE_OBJC_ARC = YES;
				CLANG_WARN_BOOL_CONVERSION = YES;
				CLANG_WARN_CONSTANT_CONVERSION = YES;
				CLANG_WARN_DIRECT_OBJC_ISA_USAGE = YES_ERROR;
				CLANG_WARN_EMPTY_BODY = YES;
				CLANG_WARN_ENUM_CONVERSION = YES;
				CLANG_WARN_INT_CONVERSION = YES;
				CLANG_WARN_OBJC_ROOT_CLASS = YES_ERROR;
				CLANG_WARN_UNREACHABLE_CODE = YES;
				CLANG_WARN__DUPLICATE_METHOD_MATCH = YES;
				"CODE_SIGN_IDENTITY[sdk=iphoneos*]" = "iPhone Developer";
				COPY_PHASE_STRIP = YES;
				ENABLE_NS_ASSERTIONS = NO;
				ENABLE_STRICT_OBJC_MSGSEND = YES;
				GCC_C_LANGUAGE_STANDARD = gnu99;
				GCC_WARN_64_TO_32_BIT_CONVERSION = YES;
				GCC_WARN_ABOUT_RETURN_TYPE = YES_ERROR;
				GCC_WARN_UNDECLARED_SELECTOR = YES;
				GCC_WARN_UNINITIALIZED_AUTOS = YES_AGGRESSIVE;
				GCC_WARN_UNUSED_FUNCTION = YES;
				GCC_WARN_UNUSED_VARIABLE = YES;
				IPHONEOS_DEPLOYMENT_TARGET = 8.0;
				MTL_ENABLE_DEBUG_INFO = NO;
				SDKROOT = iphoneos;
				TARGETED_DEVICE_FAMILY = "1,2";
				VALIDATE_PRODUCT = YES;
			};
			name = Release;
		};
		842FE4CD1974391700B9CD83 /* Debug */ = {
			isa = XCBuildConfiguration;
			buildSettings = {
				ASSETCATALOG_COMPILER_APPICON_NAME = AppIcon;
				ASSETCATALOG_COMPILER_LAUNCHIMAGE_NAME = LaunchImage;
				INFOPLIST_FILE = FeaturesIOS8/Info.plist;
				LD_RUNPATH_SEARCH_PATHS = "$(inherited) @executable_path/Frameworks";
				PRODUCT_NAME = "$(TARGET_NAME)";
			};
			name = Debug;
		};
		842FE4CE1974391700B9CD83 /* Release */ = {
			isa = XCBuildConfiguration;
			buildSettings = {
				ASSETCATALOG_COMPILER_APPICON_NAME = AppIcon;
				ASSETCATALOG_COMPILER_LAUNCHIMAGE_NAME = LaunchImage;
				INFOPLIST_FILE = FeaturesIOS8/Info.plist;
				LD_RUNPATH_SEARCH_PATHS = "$(inherited) @executable_path/Frameworks";
				PRODUCT_NAME = "$(TARGET_NAME)";
			};
			name = Release;
		};
		842FE4D01974391700B9CD83 /* Debug */ = {
			isa = XCBuildConfiguration;
			buildSettings = {
				BUNDLE_LOADER = "$(BUILT_PRODUCTS_DIR)/FeaturesIOS8.app/FeaturesIOS8";
				FRAMEWORK_SEARCH_PATHS = (
					"$(SDKROOT)/Developer/Library/Frameworks",
					"$(inherited)",
				);
				GCC_PREPROCESSOR_DEFINITIONS = (
					"DEBUG=1",
					"$(inherited)",
				);
				INFOPLIST_FILE = FeaturesIOS8Tests/Info.plist;
				LD_RUNPATH_SEARCH_PATHS = "$(inherited) @executable_path/Frameworks @loader_path/Frameworks";
				PRODUCT_NAME = "$(TARGET_NAME)";
				TEST_HOST = "$(BUNDLE_LOADER)";
			};
			name = Debug;
		};
		842FE4D11974391700B9CD83 /* Release */ = {
			isa = XCBuildConfiguration;
			buildSettings = {
				BUNDLE_LOADER = "$(BUILT_PRODUCTS_DIR)/FeaturesIOS8.app/FeaturesIOS8";
				FRAMEWORK_SEARCH_PATHS = (
					"$(SDKROOT)/Developer/Library/Frameworks",
					"$(inherited)",
				);
				INFOPLIST_FILE = FeaturesIOS8Tests/Info.plist;
				LD_RUNPATH_SEARCH_PATHS = "$(inherited) @executable_path/Frameworks @loader_path/Frameworks";
				PRODUCT_NAME = "$(TARGET_NAME)";
				TEST_HOST = "$(BUNDLE_LOADER)";
			};
			name = Release;
		};
/* End XCBuildConfiguration section */

/* Begin XCConfigurationList section */
		842FE4A71974391700B9CD83 /* Build configuration list for PBXProject "FeaturesIOS8" */ = {
			isa = XCConfigurationList;
			buildConfigurations = (
				842FE4CA1974391700B9CD83 /* Debug */,
				842FE4CB1974391700B9CD83 /* Release */,
			);
			defaultConfigurationIsVisible = 0;
			defaultConfigurationName = Release;
		};
		842FE4CC1974391700B9CD83 /* Build configuration list for PBXNativeTarget "FeaturesIOS8" */ = {
			isa = XCConfigurationList;
			buildConfigurations = (
				842FE4CD1974391700B9CD83 /* Debug */,
				842FE4CE1974391700B9CD83 /* Release */,
			);
			defaultConfigurationIsVisible = 0;
		};
		842FE4CF1974391700B9CD83 /* Build configuration list for PBXNativeTarget "FeaturesIOS8Tests" */ = {
			isa = XCConfigurationList;
			buildConfigurations = (
				842FE4D01974391700B9CD83 /* Debug */,
				842FE4D11974391700B9CD83 /* Release */,
			);
			defaultConfigurationIsVisible = 0;
		};
/* End XCConfigurationList section */
	};
	rootObject = 842FE4A41974391700B9CD83 /* Project object */;
}
